{
  "version": 4,
  "terraform_version": "1.8.2",
  "serial": 1,
  "lineage": "600ed07d-83ea-c17a-f6a0-22b7aedab57f",
  "outputs": {},
  "resources": [
    {
      "mode": "data",
      "type": "aws_secretsmanager_secret",
      "name": "db_secret",
      "provider": "provider[\"registry.terraform.io/hashicorp/aws\"]",
      "instances": [
        {
          "schema_version": 0,
          "attributes": {
            "arn": "arn:aws:secretsmanager:us-east-1:762233764391:secret:itgenius-k8s-db-secret-1GsU4l",
            "description": "",
            "id": "arn:aws:secretsmanager:us-east-1:762233764391:secret:itgenius-k8s-db-secret-1GsU4l",
            "kms_key_id": "",
            "name": "itgenius-k8s-db-secret",
            "policy": "",
            "rotation_enabled": false,
            "rotation_lambda_arn": "",
            "rotation_rules": [],
            "tags": {}
          },
          "sensitive_attributes": []
        }
      ]
    },
    {
      "mode": "data",
      "type": "aws_secretsmanager_secret_version",
      "name": "db_secret_version",
      "provider": "provider[\"registry.terraform.io/hashicorp/aws\"]",
      "instances": [
        {
          "schema_version": 0,
          "attributes": {
            "arn": "arn:aws:secretsmanager:us-east-1:762233764391:secret:itgenius-k8s-db-secret-1GsU4l",
            "id": "arn:aws:secretsmanager:us-east-1:762233764391:secret:itgenius-k8s-db-secret-1GsU4l|AWSCURRENT",
            "secret_binary": "",
            "secret_id": "arn:aws:secretsmanager:us-east-1:762233764391:secret:itgenius-k8s-db-secret-1GsU4l",
            "secret_string": "{\"username\":\"itgenius-admin-user\",\"password\":\"UWKnk7y6\"}",
            "version_id": "fbcd2f16-abfc-48c3-b1db-f01afffebca6",
            "version_stage": "AWSCURRENT",
            "version_stages": [
              "AWSCURRENT"
            ]
          },
          "sensitive_attributes": [
            [
              {
                "type": "get_attr",
                "value": "secret_binary"
              }
            ],
            [
              {
                "type": "get_attr",
                "value": "secret_string"
              }
            ]
          ]
        }
      ]
    },
    {
      "mode": "managed",
      "type": "aws_db_subnet_group",
      "name": "itgenius_subnet_group",
      "provider": "provider[\"registry.terraform.io/hashicorp/aws\"]",
      "instances": [
        {
          "schema_version": 0,
          "attributes": {
            "arn": "arn:aws:rds:us-east-1:762233764391:subgrp:itgenius-db-subnet-group",
            "description": "Managed by Terraform",
            "id": "itgenius-db-subnet-group",
            "name": "itgenius-db-subnet-group",
            "name_prefix": "",
            "subnet_ids": [
              "subnet-06b80d535f6fadd49",
              "subnet-09ae938733d8db793",
              "subnet-09e6e1eb0955bd8c4"
            ],
            "supported_network_types": [
              "IPV4"
            ],
            "tags": {
              "Name": "itgenius-db-subnet-group"
            },
            "tags_all": {
              "Name": "itgenius-db-subnet-group"
            },
            "vpc_id": "vpc-0eeb9af51dcf5660a"
          },
          "sensitive_attributes": [],
          "private": "bnVsbA=="
        }
      ]
    }
  ],
  "check_results": null
}
