{
  "version": 4,
  "terraform_version": "1.14.0",
  "serial": 37,
  "lineage": "600ed07d-83ea-c17a-f6a0-22b7aedab57f",
  "outputs": {},
  "resources": [
    {
      "mode": "managed",
      "type": "aws_db_subnet_group",
      "name": "itgenius_subnet_group",
      "provider": "provider[\"registry.terraform.io/hashicorp/aws\"]",
      "instances": [
        {
          "schema_version": 0,
          "attributes": {
            "arn": "arn:aws:rds:us-east-1:879400024568:subgrp:itgenius-db-subnet-group-v1",
            "description": "Managed by Terraform",
            "id": "itgenius-db-subnet-group-v1",
            "name": "itgenius-db-subnet-group-v1",
            "name_prefix": "",
            "subnet_ids": [
              "subnet-06cf741bcc6df9cf3",
              "subnet-0b6dc6b8b92580f6a"
            ],
            "supported_network_types": [
              "IPV4"
            ],
            "tags": {
              "Name": "itgenius-db-subnet-group-v1"
            },
            "tags_all": {
              "Name": "itgenius-db-subnet-group-v1"
            },
            "vpc_id": "vpc-049e7c5d2a7fe68ba"
          },
          "sensitive_attributes": [],
          "identity_schema_version": 0,
          "private": "bnVsbA=="
        }
      ]
    }
  ],
  "check_results": null
}
